// !$*UTF8*$!
{
	archiveVersion = 1;
	classes = {
	};
	objectVersion = 46;
	objects = {

/* Begin PBXBuildFile section */
		B583EE651ACE36910093795C /* VectorRepresentationOGL.cpp in Sources */ = {isa = PBXBuildFile; fileRef = B583EE631ACE36910093795C /* VectorRepresentationOGL.cpp */; };
		B583EE681ACE37630093795C /* Vector3D.cpp in Sources */ = {isa = PBXBuildFile; fileRef = B583EE661ACE37630093795C /* Vector3D.cpp */; };
		B58EA0C51AC7133C00E64F62 /* ReadSRF.cpp in Sources */ = {isa = PBXBuildFile; fileRef = B58EA0BE1AC7133C00E64F62 /* ReadSRF.cpp */; };
		B58EA0C61AC7133C00E64F62 /* trackball.c in Sources */ = {isa = PBXBuildFile; fileRef = B58EA0C01AC7133C00E64F62 /* trackball.c */; };
		B58EA0C71AC7133C00E64F62 /* VerticesOutput.cpp in Sources */ = {isa = PBXBuildFile; fileRef = B58EA0C21AC7133C00E64F62 /* VerticesOutput.cpp */; };
		B58EA0C91AC7135500E64F62 /* main.cpp in Sources */ = {isa = PBXBuildFile; fileRef = B58EA0C81AC7135500E64F62 /* main.cpp */; };
		B58EA0CB1AC7137100E64F62 /* GLUT.framework in Frameworks */ = {isa = PBXBuildFile; fileRef = B58EA0CA1AC7137100E64F62 /* GLUT.framework */; };
		B58EA0CD1AC7137800E64F62 /* OpenGL.framework in Frameworks */ = {isa = PBXBuildFile; fileRef = B58EA0CC1AC7137800E64F62 /* OpenGL.framework */; };
		B5A953F31AE7961A00D6CB31 /* PickingObject.cpp in Sources */ = {isa = PBXBuildFile; fileRef = B5A953F11AE7961A00D6CB31 /* PickingObject.cpp */; };
/* End PBXBuildFile section */

/* Begin PBXCopyFilesBuildPhase section */
		B5B19E881AC711B6003788DB /* CopyFiles */ = {
			isa = PBXCopyFilesBuildPhase;
			buildActionMask = 2147483647;
			dstPath = /usr/share/man/man1/;
			dstSubfolderSpec = 0;
			files = (
			);
			runOnlyForDeploymentPostprocessing = 1;
		};
/* End PBXCopyFilesBuildPhase section */

/* Begin PBXFileReference section */
		B5192FE71AC748390098FA67 /* AllColor.h */ = {isa = PBXFileReference; lastKnownFileType = sourcecode.c.h; path = AllColor.h; sourceTree = "<group>"; };
		B583EE611ACE308C0093795C /* meshanid.srf */ = {isa = PBXFileReference; fileEncoding = 4; lastKnownFileType = text; path = meshanid.srf; sourceTree = "<group>"; };
		B583EE621ACE308C0093795C /* meshd_sq.srf */ = {isa = PBXFileReference; fileEncoding = 4; lastKnownFileType = text; path = meshd_sq.srf; sourceTree = "<group>"; };
		B583EE631ACE36910093795C /* VectorRepresentationOGL.cpp */ = {isa = PBXFileReference; fileEncoding = 4; lastKnownFileType = sourcecode.cpp.cpp; path = VectorRepresentationOGL.cpp; sourceTree = "<group>"; };
		B583EE641ACE36910093795C /* VectorRepresentationOGL.h */ = {isa = PBXFileReference; fileEncoding = 4; lastKnownFileType = sourcecode.c.h; path = VectorRepresentationOGL.h; sourceTree = "<group>"; };
		B583EE661ACE37630093795C /* Vector3D.cpp */ = {isa = PBXFileReference; fileEncoding = 4; lastKnownFileType = sourcecode.cpp.cpp; path = Vector3D.cpp; sourceTree = "<group>"; };
		B583EE671ACE37630093795C /* Vector3D.h */ = {isa = PBXFileReference; fileEncoding = 4; lastKnownFileType = sourcecode.c.h; path = Vector3D.h; sourceTree = "<group>"; };
		B58EA0BB1AC7133C00E64F62 /* Common.h */ = {isa = PBXFileReference; fileEncoding = 4; lastKnownFileType = sourcecode.c.h; path = Common.h; sourceTree = "<group>"; };
		B58EA0BE1AC7133C00E64F62 /* ReadSRF.cpp */ = {isa = PBXFileReference; fileEncoding = 4; lastKnownFileType = sourcecode.cpp.cpp; path = ReadSRF.cpp; sourceTree = "<group>"; };
		B58EA0BF1AC7133C00E64F62 /* ReadSRF.h */ = {isa = PBXFileReference; fileEncoding = 4; lastKnownFileType = sourcecode.c.h; path = ReadSRF.h; sourceTree = "<group>"; };
		B58EA0C01AC7133C00E64F62 /* trackball.c */ = {isa = PBXFileReference; fileEncoding = 4; lastKnownFileType = sourcecode.c.c; path = trackball.c; sourceTree = "<group>"; };
		B58EA0C11AC7133C00E64F62 /* trackball.h */ = {isa = PBXFileReference; fileEncoding = 4; lastKnownFileType = sourcecode.c.h; path = trackball.h; sourceTree = "<group>"; };
		B58EA0C21AC7133C00E64F62 /* VerticesOutput.cpp */ = {isa = PBXFileReference; fileEncoding = 4; lastKnownFileType = sourcecode.cpp.cpp; path = VerticesOutput.cpp; sourceTree = "<group>"; };
		B58EA0C31AC7133C00E64F62 /* VerticesOutput.h */ = {isa = PBXFileReference; fileEncoding = 4; lastKnownFileType = sourcecode.c.h; path = VerticesOutput.h; sourceTree = "<group>"; };
		B58EA0C81AC7135500E64F62 /* main.cpp */ = {isa = PBXFileReference; fileEncoding = 4; lastKnownFileType = sourcecode.cpp.cpp; path = main.cpp; sourceTree = "<group>"; };
		B58EA0CA1AC7137100E64F62 /* GLUT.framework */ = {isa = PBXFileReference; lastKnownFileType = wrapper.framework; name = GLUT.framework; path = System/Library/Frameworks/GLUT.framework; sourceTree = SDKROOT; };
		B58EA0CC1AC7137800E64F62 /* OpenGL.framework */ = {isa = PBXFileReference; lastKnownFileType = wrapper.framework; name = OpenGL.framework; path = System/Library/Frameworks/OpenGL.framework; sourceTree = SDKROOT; };
		B5A953F11AE7961A00D6CB31 /* PickingObject.cpp */ = {isa = PBXFileReference; fileEncoding = 4; lastKnownFileType = sourcecode.cpp.cpp; name = PickingObject.cpp; path = ../PickingObject.cpp; sourceTree = "<group>"; };
		B5A953F21AE7961A00D6CB31 /* PickingObject.h */ = {isa = PBXFileReference; fileEncoding = 4; lastKnownFileType = sourcecode.c.h; name = PickingObject.h; path = ../PickingObject.h; sourceTree = "<group>"; };
		B5A953F41AE7A49800D6CB31 /* sq3.rosy */ = {isa = PBXFileReference; lastKnownFileType = text; path = sq3.rosy; sourceTree = "<group>"; };
		B5B19E8A1AC711B6003788DB /* Mugen */ = {isa = PBXFileReference; explicitFileType = "compiled.mach-o.executable"; includeInIndex = 0; path = Mugen; sourceTree = BUILT_PRODUCTS_DIR; };
/* End PBXFileReference section */

/* Begin PBXFrameworksBuildPhase section */
		B5B19E871AC711B6003788DB /* Frameworks */ = {
			isa = PBXFrameworksBuildPhase;
			buildActionMask = 2147483647;
			files = (
				B58EA0CD1AC7137800E64F62 /* OpenGL.framework in Frameworks */,
				B58EA0CB1AC7137100E64F62 /* GLUT.framework in Frameworks */,
			);
			runOnlyForDeploymentPostprocessing = 0;
		};
/* End PBXFrameworksBuildPhase section */

/* Begin PBXGroup section */
		B583EE601ACE308C0093795C /* data */ = {
			isa = PBXGroup;
			children = (
				B5A953F41AE7A49800D6CB31 /* sq3.rosy */,
				B583EE611ACE308C0093795C /* meshanid.srf */,
				B583EE621ACE308C0093795C /* meshd_sq.srf */,
			);
			name = data;
			path = Mugen/data;
			sourceTree = "<group>";
		};
		B5B19E811AC711B6003788DB = {
			isa = PBXGroup;
			children = (
				B583EE601ACE308C0093795C /* data */,
				B58EA0CC1AC7137800E64F62 /* OpenGL.framework */,
				B58EA0CA1AC7137100E64F62 /* GLUT.framework */,
				B5B19E8C1AC711B6003788DB /* Mugen */,
				B5B19E8B1AC711B6003788DB /* Products */,
			);
			sourceTree = "<group>";
		};
		B5B19E8B1AC711B6003788DB /* Products */ = {
			isa = PBXGroup;
			children = (
				B5B19E8A1AC711B6003788DB /* Mugen */,
			);
			name = Products;
			sourceTree = "<group>";
		};
		B5B19E8C1AC711B6003788DB /* Mugen */ = {
			isa = PBXGroup;
			children = (
				B5A953F11AE7961A00D6CB31 /* PickingObject.cpp */,
				B5A953F21AE7961A00D6CB31 /* PickingObject.h */,
				B5192FE71AC748390098FA67 /* AllColor.h */,
				B58EA0C81AC7135500E64F62 /* main.cpp */,
				B58EA0BB1AC7133C00E64F62 /* Common.h */,
				B58EA0BE1AC7133C00E64F62 /* ReadSRF.cpp */,
				B58EA0BF1AC7133C00E64F62 /* ReadSRF.h */,
				B58EA0C01AC7133C00E64F62 /* trackball.c */,
				B58EA0C11AC7133C00E64F62 /* trackball.h */,
				B58EA0C21AC7133C00E64F62 /* VerticesOutput.cpp */,
				B58EA0C31AC7133C00E64F62 /* VerticesOutput.h */,
				B583EE631ACE36910093795C /* VectorRepresentationOGL.cpp */,
				B583EE641ACE36910093795C /* VectorRepresentationOGL.h */,
				B583EE661ACE37630093795C /* Vector3D.cpp */,
				B583EE671ACE37630093795C /* Vector3D.h */,
			);
			path = Mugen;
			sourceTree = "<group>";
		};
/* End PBXGroup section */

/* Begin PBXNativeTarget section */
		B5B19E891AC711B6003788DB /* Mugen */ = {
			isa = PBXNativeTarget;
			buildConfigurationList = B5B19E911AC711B6003788DB /* Build configuration list for PBXNativeTarget "Mugen" */;
			buildPhases = (
				B5B19E861AC711B6003788DB /* Sources */,
				B5B19E871AC711B6003788DB /* Frameworks */,
				B5B19E881AC711B6003788DB /* CopyFiles */,
			);
			buildRules = (
			);
			dependencies = (
			);
			name = Mugen;
			productName = Mugen;
			productReference = B5B19E8A1AC711B6003788DB /* Mugen */;
			productType = "com.apple.product-type.tool";
		};
/* End PBXNativeTarget section */

/* Begin PBXProject section */
		B5B19E821AC711B6003788DB /* Project object */ = {
			isa = PBXProject;
			attributes = {
				LastUpgradeCheck = 0620;
				ORGANIZATIONNAME = CMU;
				TargetAttributes = {
					B5B19E891AC711B6003788DB = {
						CreatedOnToolsVersion = 6.2;
					};
				};
			};
			buildConfigurationList = B5B19E851AC711B6003788DB /* Build configuration list for PBXProject "Mugen" */;
			compatibilityVersion = "Xcode 3.2";
			developmentRegion = English;
			hasScannedForEncodings = 0;
			knownRegions = (
				en,
			);
			mainGroup = B5B19E811AC711B6003788DB;
			productRefGroup = B5B19E8B1AC711B6003788DB /* Products */;
			projectDirPath = "";
			projectRoot = "";
			targets = (
				B5B19E891AC711B6003788DB /* Mugen */,
			);
		};
/* End PBXProject section */

/* Begin PBXSourcesBuildPhase section */
		B5B19E861AC711B6003788DB /* Sources */ = {
			isa = PBXSourcesBuildPhase;
			buildActionMask = 2147483647;
			files = (
				B58EA0C61AC7133C00E64F62 /* trackball.c in Sources */,
				B583EE651ACE36910093795C /* VectorRepresentationOGL.cpp in Sources */,
				B5A953F31AE7961A00D6CB31 /* PickingObject.cpp in Sources */,
				B58EA0C71AC7133C00E64F62 /* VerticesOutput.cpp in Sources */,
				B58EA0C91AC7135500E64F62 /* main.cpp in Sources */,
				B58EA0C51AC7133C00E64F62 /* ReadSRF.cpp in Sources */,
				B583EE681ACE37630093795C /* Vector3D.cpp in Sources */,
			);
			runOnlyForDeploymentPostprocessing = 0;
		};
/* End PBXSourcesBuildPhase section */

/* Begin XCBuildConfiguration section */
		B5B19E8F1AC711B6003788DB /* Debug */ = {
			isa = XCBuildConfiguration;
			buildSettings = {
				ALWAYS_SEARCH_USER_PATHS = NO;
				CLANG_CXX_LANGUAGE_STANDARD = "gnu++0x";
				CLANG_CXX_LIBRARY = "libc++";
				CLANG_ENABLE_MODULES = YES;
				CLANG_ENABLE_OBJC_ARC = YES;
				CLANG_WARN_BOOL_CONVERSION = YES;
				CLANG_WARN_CONSTANT_CONVERSION = YES;
				CLANG_WARN_DIRECT_OBJC_ISA_USAGE = YES_ERROR;
				CLANG_WARN_EMPTY_BODY = YES;
				CLANG_WARN_ENUM_CONVERSION = YES;
				CLANG_WARN_INT_CONVERSION = YES;
				CLANG_WARN_OBJC_ROOT_CLASS = YES_ERROR;
				CLANG_WARN_UNREACHABLE_CODE = YES;
				CLANG_WARN__DUPLICATE_METHOD_MATCH = YES;
				COPY_PHASE_STRIP = NO;
				ENABLE_STRICT_OBJC_MSGSEND = YES;
				GCC_C_LANGUAGE_STANDARD = gnu99;
				GCC_DYNAMIC_NO_PIC = NO;
				GCC_OPTIMIZATION_LEVEL = 0;
				GCC_PREPROCESSOR_DEFINITIONS = (
					"DEBUG=1",
					"$(inherited)",
				);
				GCC_SYMBOLS_PRIVATE_EXTERN = NO;
				GCC_WARN_64_TO_32_BIT_CONVERSION = YES;
				GCC_WARN_ABOUT_RETURN_TYPE = YES_ERROR;
				GCC_WARN_UNDECLARED_SELECTOR = YES;
				GCC_WARN_UNINITIALIZED_AUTOS = YES_AGGRESSIVE;
				GCC_WARN_UNUSED_FUNCTION = YES;
				GCC_WARN_UNUSED_VARIABLE = YES;
				MACOSX_DEPLOYMENT_TARGET = 10.10;
				MTL_ENABLE_DEBUG_INFO = YES;
				ONLY_ACTIVE_ARCH = YES;
				SDKROOT = macosx;
			};
			name = Debug;
		};
		B5B19E901AC711B6003788DB /* Release */ = {
			isa = XCBuildConfiguration;
			buildSettings = {
				ALWAYS_SEARCH_USER_PATHS = NO;
				CLANG_CXX_LANGUAGE_STANDARD = "gnu++0x";
				CLANG_CXX_LIBRARY = "libc++";
				CLANG_ENABLE_MODULES = YES;
				CLANG_ENABLE_OBJC_ARC = YES;
				CLANG_WARN_BOOL_CONVERSION = YES;
				CLANG_WARN_CONSTANT_CONVERSION = YES;
				CLANG_WARN_DIRECT_OBJC_ISA_USAGE = YES_ERROR;
				CLANG_WARN_EMPTY_BODY = YES;
				CLANG_WARN_ENUM_CONVERSION = YES;
				CLANG_WARN_INT_CONVERSION = YES;
				CLANG_WARN_OBJC_ROOT_CLASS = YES_ERROR;
				CLANG_WARN_UNREACHABLE_CODE = YES;
				CLANG_WARN__DUPLICATE_METHOD_MATCH = YES;
				COPY_PHASE_STRIP = NO;
				DEBUG_INFORMATION_FORMAT = "dwarf-with-dsym";
				ENABLE_NS_ASSERTIONS = NO;
				ENABLE_STRICT_OBJC_MSGSEND = YES;
				GCC_C_LANGUAGE_STANDARD = gnu99;
				GCC_WARN_64_TO_32_BIT_CONVERSION = YES;
				GCC_WARN_ABOUT_RETURN_TYPE = YES_ERROR;
				GCC_WARN_UNDECLARED_SELECTOR = YES;
				GCC_WARN_UNINITIALIZED_AUTOS = YES_AGGRESSIVE;
				GCC_WARN_UNUSED_FUNCTION = YES;
				GCC_WARN_UNUSED_VARIABLE = YES;
				MACOSX_DEPLOYMENT_TARGET = 10.10;
				MTL_ENABLE_DEBUG_INFO = NO;
				SDKROOT = macosx;
			};
			name = Release;
		};
		B5B19E921AC711B6003788DB /* Debug */ = {
			isa = XCBuildConfiguration;
			buildSettings = {
				GCC_WARN_ABOUT_DEPRECATED_FUNCTIONS = NO;
				PRODUCT_NAME = "$(TARGET_NAME)";
			};
			name = Debug;
		};
		B5B19E931AC711B6003788DB /* Release */ = {
			isa = XCBuildConfiguration;
			buildSettings = {
				GCC_WARN_ABOUT_DEPRECATED_FUNCTIONS = NO;
				PRODUCT_NAME = "$(TARGET_NAME)";
			};
			name = Release;
		};
/* End XCBuildConfiguration section */

/* Begin XCConfigurationList section */
		B5B19E851AC711B6003788DB /* Build configuration list for PBXProject "Mugen" */ = {
			isa = XCConfigurationList;
			buildConfigurations = (
				B5B19E8F1AC711B6003788DB /* Debug */,
				B5B19E901AC711B6003788DB /* Release */,
			);
			defaultConfigurationIsVisible = 0;
			defaultConfigurationName = Release;
		};
		B5B19E911AC711B6003788DB /* Build configuration list for PBXNativeTarget "Mugen" */ = {
			isa = XCConfigurationList;
			buildConfigurations = (
				B5B19E921AC711B6003788DB /* Debug */,
				B5B19E931AC711B6003788DB /* Release */,
			);
			defaultConfigurationIsVisible = 0;
			defaultConfigurationName = Release;
		};
/* End XCConfigurationList section */
	};
	rootObject = B5B19E821AC711B6003788DB /* Project object */;
}
